
Microsoft Visual Studio Solution File, Format Version 12.00
# Visual Studio Version 17
VisualStudioVersion = 17.5.33516.290
MinimumVisualStudioVersion = 10.0.40219.1
Project("{FAE04EC0-301F-11D3-BF4B-00C04F79EFBC}") = "PrintTable", "PrintTable\PrintTable.csproj", "{B509B47A-9957-47CD-82E6-0F09B0478FEA}"
EndProject
Global
	GlobalSection(SolutionConfigurationPlatforms) = preSolution
		Debug|Any CPU = Debug|Any CPU
		Release|Any CPU = Release|Any CPU
	EndGlobalSection
	GlobalSection(ProjectConfigurationPlatforms) = postSolution
		{B509B47A-9957-47CD-82E6-0F09B0478FEA}.Debug|Any CPU.ActiveCfg = Debug|Any CPU
		{B509B47A-9957-47CD-82E6-0F09B0478FEA}.Debug|Any CPU.Build.0 = Debug|Any CPU
		{B509B47A-9957-47CD-82E6-0F09B0478FEA}.Release|Any CPU.ActiveCfg = Release|Any CPU
		{B509B47A-9957-47CD-82E6-0F09B0478FEA}.Release|Any CPU.Build.0 = Release|Any CPU
	EndGlobalSection
	GlobalSection(SolutionProperties) = preSolution
		HideSolutionNode = FALSE
	EndGlobalSection
	GlobalSection(ExtensibilityGlobals) = postSolution
		SolutionGuid = {FBA35724-03AE-43C8-AE95-E885407488AC}
	EndGlobalSection
EndGlobal
